{
  "version": 1,
  "packages": [
    {
      "name": "ml",
      "source": "path:/Users/loreste/weft/packages/ml",
      "version": "0.6.0",
      "sum": "sha256:80873d421281c66f104d3f54261cc1dd8113aaff85aaef073a7ebbaee4b2760d",
      "dir": "vendor/ml"
    },
    {
      "name": "mold",
      "source": "path:/Users/loreste/weft/packages/mold",
      "version": "0.3.0",
      "sum": "sha256:a0d9c56bf4040bf46d382e32d34882168a3966bb813692269b18f5ccea34c1ee",
      "dir": "vendor/mold"
    },
    {
      "name": "tokensave",
      "source": "path:/Users/loreste/weft/packages/tokensave",
      "version": "0.7.0",
      "sum": "sha256:b6f3140eab4865e838de706ec87a580418e17028556d5086bc1838c783b6d12f",
      "dir": "vendor/tokensave"
    },
    {
      "name": "warp",
      "source": "path:/Users/loreste/weft/packages/warp",
      "version": "0.8.0",
      "sum": "sha256:1517a941cf297cbaea32a37017252358f01aa4583612c954b171e73357bce343",
      "dir": "vendor/warp"
    }
  ]
}
