{
  "version": 1,
  "packages": [
    {
      "name": "ml",
      "source": "path:/Users/loreste/weft/packages/ml",
      "version": "0.6.0",
      "sum": "sha256:19332b1517107ddb29a0946cbde8e9db23d33c1f027e048f2f9f8dfe1ed67dbd",
      "dir": "vendor/ml"
    },
    {
      "name": "mold",
      "source": "path:/Users/loreste/weft/packages/mold",
      "version": "0.3.0",
      "sum": "sha256:a0d9c56bf4040bf46d382e32d34882168a3966bb813692269b18f5ccea34c1ee",
      "dir": "vendor/mold"
    },
    {
      "name": "tokensave",
      "source": "path:/Users/loreste/weft/packages/tokensave",
      "version": "0.7.0",
      "sum": "sha256:b6f3140eab4865e838de706ec87a580418e17028556d5086bc1838c783b6d12f",
      "dir": "vendor/tokensave"
    },
    {
      "name": "warp",
      "source": "path:/Users/loreste/weft/packages/warp",
      "version": "0.8.0",
      "sum": "sha256:495446583553310988e1c70a42e27f3a4d8076b5255ad2dc5f37f0c96fd40f85",
      "dir": "vendor/warp"
    }
  ]
}
