{
  "version": 1,
  "packages": [
    {
      "name": "ml",
      "source": "path:/Users/loreste/weft/packages/ml",
      "version": "0.4.0",
      "sum": "sha256:3c29750ae45a84884ebbba70a3aa6bf6439159179d45ba6226c6b8c02fcfa533",
      "dir": "vendor/ml"
    },
    {
      "name": "mold",
      "source": "path:/Users/loreste/weft/packages/mold",
      "version": "0.3.0",
      "sum": "sha256:a0d9c56bf4040bf46d382e32d34882168a3966bb813692269b18f5ccea34c1ee",
      "dir": "vendor/mold"
    },
    {
      "name": "tokensave",
      "source": "path:/Users/loreste/weft/packages/tokensave",
      "version": "0.7.0",
      "sum": "sha256:b6f3140eab4865e838de706ec87a580418e17028556d5086bc1838c783b6d12f",
      "dir": "vendor/tokensave"
    }
  ]
}
