{
  "version": 1,
  "packages": [
    {
      "name": "ml",
      "source": "path:/Users/loreste/weft/packages/ml",
      "version": "0.6.0",
      "sum": "sha256:0c73b77ddeb1d18985f90a2c112a285ce9469598a1f59bed610336d7e1ea9676",
      "dir": "vendor/ml"
    },
    {
      "name": "warp",
      "source": "path:/Users/loreste/weft/packages/warp",
      "version": "0.8.0",
      "sum": "sha256:f7a522d4d7f62aa0c6392eea44ffec793bcfdaf64023b2474385e9fcc05a672b",
      "dir": "vendor/warp"
    }
  ]
}
