{
  "version": 1,
  "packages": [
    {
      "name": "ml",
      "source": "path:/Users/loreste/weft/packages/ml",
      "version": "0.6.0",
      "sum": "sha256:0c73b77ddeb1d18985f90a2c112a285ce9469598a1f59bed610336d7e1ea9676",
      "dir": "vendor/ml"
    },
    {
      "name": "warp",
      "source": "path:/Users/loreste/weft/packages/warp",
      "version": "0.8.0",
      "sum": "sha256:1e11a58d049927b77c0f3955a7e146303bf5cc876a988c8ecbd04bf7b6d78a96",
      "dir": "vendor/warp"
    }
  ]
}
